
Microsoft Visual Studio Solution File, Format Version 12.00
# Visual Studio Version 17
VisualStudioVersion = 17.0.31903.59
MinimumVisualStudioVersion = 10.0.40219.1
Project("{2150E333-8FDC-42A3-9474-1A3956D46DE8}") = "apps", "apps", "{1787FE1D-075E-9E68-7218-25F1BD1BBEAB}"
EndProject
Project("{FAE04EC0-301F-11D3-BF4B-00C04F79EFBC}") = "ForgedAgentOne", "apps\ForgedAgentOne\ForgedAgentOne.csproj", "{F40CFBB8-518B-4039-B539-1D315C9F4288}"
EndProject
Project("{FAE04EC0-301F-11D3-BF4B-00C04F79EFBC}") = "ForgedScholarTwo", "apps\ForgedScholarTwo\ForgedScholarTwo.csproj", "{64E1BD3B-0C73-41B3-A946-61F978902527}"
EndProject
Project("{FAE04EC0-301F-11D3-BF4B-00C04F79EFBC}") = "customagentharness-kb-mcp", "apps\customagentharness-kb-mcp\customagentharness-kb-mcp.csproj", "{9CA33F78-2FAF-4F92-972A-68253BC2A193}"
EndProject
Project("{FAE04EC0-301F-11D3-BF4B-00C04F79EFBC}") = "harness.api", "apps\harness.api\harness.api.csproj", "{BE0A51BA-0094-45F0-974F-B2A3D747CE14}"
EndProject
Project("{FAE04EC0-301F-11D3-BF4B-00C04F79EFBC}") = "harness.tui", "apps\harness.tui\harness.tui.csproj", "{25406B7C-CD30-4C07-B603-3100B2C6DB80}"
EndProject
Project("{2150E333-8FDC-42A3-9474-1A3956D46DE8}") = "shared", "shared", "{4F52FD11-658E-A102-6CD3-7D7C16FFA15B}"
EndProject
Project("{FAE04EC0-301F-11D3-BF4B-00C04F79EFBC}") = "CustomAgentHarness.Shared", "shared\CustomAgentHarness.Shared\CustomAgentHarness.Shared.csproj", "{B66EC71C-7524-4F26-B6B3-13D60294E562}"
EndProject
Global
	GlobalSection(SolutionConfigurationPlatforms) = preSolution
		Debug|Any CPU = Debug|Any CPU
		Debug|x64 = Debug|x64
		Debug|x86 = Debug|x86
		Release|Any CPU = Release|Any CPU
		Release|x64 = Release|x64
		Release|x86 = Release|x86
	EndGlobalSection
	GlobalSection(ProjectConfigurationPlatforms) = postSolution
		{F40CFBB8-518B-4039-B539-1D315C9F4288}.Debug|Any CPU.ActiveCfg = Debug|Any CPU
		{F40CFBB8-518B-4039-B539-1D315C9F4288}.Debug|Any CPU.Build.0 = Debug|Any CPU
		{F40CFBB8-518B-4039-B539-1D315C9F4288}.Debug|x64.ActiveCfg = Debug|Any CPU
		{F40CFBB8-518B-4039-B539-1D315C9F4288}.Debug|x64.Build.0 = Debug|Any CPU
		{F40CFBB8-518B-4039-B539-1D315C9F4288}.Debug|x86.ActiveCfg = Debug|Any CPU
		{F40CFBB8-518B-4039-B539-1D315C9F4288}.Debug|x86.Build.0 = Debug|Any CPU
		{F40CFBB8-518B-4039-B539-1D315C9F4288}.Release|Any CPU.ActiveCfg = Release|Any CPU
		{F40CFBB8-518B-4039-B539-1D315C9F4288}.Release|Any CPU.Build.0 = Release|Any CPU
		{F40CFBB8-518B-4039-B539-1D315C9F4288}.Release|x64.ActiveCfg = Release|Any CPU
		{F40CFBB8-518B-4039-B539-1D315C9F4288}.Release|x64.Build.0 = Release|Any CPU
		{F40CFBB8-518B-4039-B539-1D315C9F4288}.Release|x86.ActiveCfg = Release|Any CPU
		{F40CFBB8-518B-4039-B539-1D315C9F4288}.Release|x86.Build.0 = Release|Any CPU
		{64E1BD3B-0C73-41B3-A946-61F978902527}.Debug|Any CPU.ActiveCfg = Debug|Any CPU
		{64E1BD3B-0C73-41B3-A946-61F978902527}.Debug|Any CPU.Build.0 = Debug|Any CPU
		{64E1BD3B-0C73-41B3-A946-61F978902527}.Debug|x64.ActiveCfg = Debug|Any CPU
		{64E1BD3B-0C73-41B3-A946-61F978902527}.Debug|x64.Build.0 = Debug|Any CPU
		{64E1BD3B-0C73-41B3-A946-61F978902527}.Debug|x86.ActiveCfg = Debug|Any CPU
		{64E1BD3B-0C73-41B3-A946-61F978902527}.Debug|x86.Build.0 = Debug|Any CPU
		{64E1BD3B-0C73-41B3-A946-61F978902527}.Release|Any CPU.ActiveCfg = Release|Any CPU
		{64E1BD3B-0C73-41B3-A946-61F978902527}.Release|Any CPU.Build.0 = Release|Any CPU
		{64E1BD3B-0C73-41B3-A946-61F978902527}.Release|x64.ActiveCfg = Release|Any CPU
		{64E1BD3B-0C73-41B3-A946-61F978902527}.Release|x64.Build.0 = Release|Any CPU
		{64E1BD3B-0C73-41B3-A946-61F978902527}.Release|x86.ActiveCfg = Release|Any CPU
		{64E1BD3B-0C73-41B3-A946-61F978902527}.Release|x86.Build.0 = Release|Any CPU
		{9CA33F78-2FAF-4F92-972A-68253BC2A193}.Debug|Any CPU.ActiveCfg = Debug|Any CPU
		{9CA33F78-2FAF-4F92-972A-68253BC2A193}.Debug|Any CPU.Build.0 = Debug|Any CPU
		{9CA33F78-2FAF-4F92-972A-68253BC2A193}.Debug|x64.ActiveCfg = Debug|Any CPU
		{9CA33F78-2FAF-4F92-972A-68253BC2A193}.Debug|x64.Build.0 = Debug|Any CPU
		{9CA33F78-2FAF-4F92-972A-68253BC2A193}.Debug|x86.ActiveCfg = Debug|Any CPU
		{9CA33F78-2FAF-4F92-972A-68253BC2A193}.Debug|x86.Build.0 = Debug|Any CPU
		{9CA33F78-2FAF-4F92-972A-68253BC2A193}.Release|Any CPU.ActiveCfg = Release|Any CPU
		{9CA33F78-2FAF-4F92-972A-68253BC2A193}.Release|Any CPU.Build.0 = Release|Any CPU
		{9CA33F78-2FAF-4F92-972A-68253BC2A193}.Release|x64.ActiveCfg = Release|Any CPU
		{9CA33F78-2FAF-4F92-972A-68253BC2A193}.Release|x64.Build.0 = Release|Any CPU
		{9CA33F78-2FAF-4F92-972A-68253BC2A193}.Release|x86.ActiveCfg = Release|Any CPU
		{9CA33F78-2FAF-4F92-972A-68253BC2A193}.Release|x86.Build.0 = Release|Any CPU
		{BE0A51BA-0094-45F0-974F-B2A3D747CE14}.Debug|Any CPU.ActiveCfg = Debug|Any CPU
		{BE0A51BA-0094-45F0-974F-B2A3D747CE14}.Debug|Any CPU.Build.0 = Debug|Any CPU
		{BE0A51BA-0094-45F0-974F-B2A3D747CE14}.Debug|x64.ActiveCfg = Debug|Any CPU
		{BE0A51BA-0094-45F0-974F-B2A3D747CE14}.Debug|x64.Build.0 = Debug|Any CPU
		{BE0A51BA-0094-45F0-974F-B2A3D747CE14}.Debug|x86.ActiveCfg = Debug|Any CPU
		{BE0A51BA-0094-45F0-974F-B2A3D747CE14}.Debug|x86.Build.0 = Debug|Any CPU
		{BE0A51BA-0094-45F0-974F-B2A3D747CE14}.Release|Any CPU.ActiveCfg = Release|Any CPU
		{BE0A51BA-0094-45F0-974F-B2A3D747CE14}.Release|Any CPU.Build.0 = Release|Any CPU
		{BE0A51BA-0094-45F0-974F-B2A3D747CE14}.Release|x64.ActiveCfg = Release|Any CPU
		{BE0A51BA-0094-45F0-974F-B2A3D747CE14}.Release|x64.Build.0 = Release|Any CPU
		{BE0A51BA-0094-45F0-974F-B2A3D747CE14}.Release|x86.ActiveCfg = Release|Any CPU
		{BE0A51BA-0094-45F0-974F-B2A3D747CE14}.Release|x86.Build.0 = Release|Any CPU
		{25406B7C-CD30-4C07-B603-3100B2C6DB80}.Debug|Any CPU.ActiveCfg = Debug|Any CPU
		{25406B7C-CD30-4C07-B603-3100B2C6DB80}.Debug|Any CPU.Build.0 = Debug|Any CPU
		{25406B7C-CD30-4C07-B603-3100B2C6DB80}.Debug|x64.ActiveCfg = Debug|Any CPU
		{25406B7C-CD30-4C07-B603-3100B2C6DB80}.Debug|x64.Build.0 = Debug|Any CPU
		{25406B7C-CD30-4C07-B603-3100B2C6DB80}.Debug|x86.ActiveCfg = Debug|Any CPU
		{25406B7C-CD30-4C07-B603-3100B2C6DB80}.Debug|x86.Build.0 = Debug|Any CPU
		{25406B7C-CD30-4C07-B603-3100B2C6DB80}.Release|Any CPU.ActiveCfg = Release|Any CPU
		{25406B7C-CD30-4C07-B603-3100B2C6DB80}.Release|Any CPU.Build.0 = Release|Any CPU
		{25406B7C-CD30-4C07-B603-3100B2C6DB80}.Release|x64.ActiveCfg = Release|Any CPU
		{25406B7C-CD30-4C07-B603-3100B2C6DB80}.Release|x64.Build.0 = Release|Any CPU
		{25406B7C-CD30-4C07-B603-3100B2C6DB80}.Release|x86.ActiveCfg = Release|Any CPU
		{25406B7C-CD30-4C07-B603-3100B2C6DB80}.Release|x86.Build.0 = Release|Any CPU
		{B66EC71C-7524-4F26-B6B3-13D60294E562}.Debug|Any CPU.ActiveCfg = Debug|Any CPU
		{B66EC71C-7524-4F26-B6B3-13D60294E562}.Debug|Any CPU.Build.0 = Debug|Any CPU
		{B66EC71C-7524-4F26-B6B3-13D60294E562}.Debug|x64.ActiveCfg = Debug|Any CPU
		{B66EC71C-7524-4F26-B6B3-13D60294E562}.Debug|x64.Build.0 = Debug|Any CPU
		{B66EC71C-7524-4F26-B6B3-13D60294E562}.Debug|x86.ActiveCfg = Debug|Any CPU
		{B66EC71C-7524-4F26-B6B3-13D60294E562}.Debug|x86.Build.0 = Debug|Any CPU
		{B66EC71C-7524-4F26-B6B3-13D60294E562}.Release|Any CPU.ActiveCfg = Release|Any CPU
		{B66EC71C-7524-4F26-B6B3-13D60294E562}.Release|Any CPU.Build.0 = Release|Any CPU
		{B66EC71C-7524-4F26-B6B3-13D60294E562}.Release|x64.ActiveCfg = Release|Any CPU
		{B66EC71C-7524-4F26-B6B3-13D60294E562}.Release|x64.Build.0 = Release|Any CPU
		{B66EC71C-7524-4F26-B6B3-13D60294E562}.Release|x86.ActiveCfg = Release|Any CPU
		{B66EC71C-7524-4F26-B6B3-13D60294E562}.Release|x86.Build.0 = Release|Any CPU
	EndGlobalSection
	GlobalSection(SolutionProperties) = preSolution
		HideSolutionNode = FALSE
	EndGlobalSection
	GlobalSection(NestedProjects) = preSolution
		{F40CFBB8-518B-4039-B539-1D315C9F4288} = {1787FE1D-075E-9E68-7218-25F1BD1BBEAB}
		{64E1BD3B-0C73-41B3-A946-61F978902527} = {1787FE1D-075E-9E68-7218-25F1BD1BBEAB}
		{9CA33F78-2FAF-4F92-972A-68253BC2A193} = {1787FE1D-075E-9E68-7218-25F1BD1BBEAB}
		{BE0A51BA-0094-45F0-974F-B2A3D747CE14} = {1787FE1D-075E-9E68-7218-25F1BD1BBEAB}
		{25406B7C-CD30-4C07-B603-3100B2C6DB80} = {1787FE1D-075E-9E68-7218-25F1BD1BBEAB}
		{B66EC71C-7524-4F26-B6B3-13D60294E562} = {4F52FD11-658E-A102-6CD3-7D7C16FFA15B}
	EndGlobalSection
EndGlobal
